{
  "version": 4,
  "terraform_version": "1.4.6",
  "serial": 33,
  "lineage": "ce04c140-e21b-b557-abc9-848686824a10",
  "outputs": {},
  "resources": [
    {
      "mode": "managed",
      "type": "google_container_cluster",
      "name": "primary",
      "provider": "provider[\"registry.terraform.io/hashicorp/google\"]",
      "instances": [
        {
          "schema_version": 1,
          "attributes": {
            "addons_config": [
              {
                "cloudrun_config": [],
                "config_connector_config": [],
                "dns_cache_config": [],
                "gce_persistent_disk_csi_driver_config": [
                  {
                    "enabled": true
                  }
                ],
                "gcp_filestore_csi_driver_config": [],
                "gke_backup_agent_config": [],
                "horizontal_pod_autoscaling": [],
                "http_load_balancing": [],
                "network_policy_config": [
                  {
                    "disabled": true
                  }
                ]
              }
            ],
            "authenticator_groups_config": [],
            "binary_authorization": [
              {
                "enabled": false,
                "evaluation_mode": ""
              }
            ],
            "cluster_autoscaling": [
              {
                "auto_provisioning_defaults": [],
                "enabled": false,
                "resource_limits": []
              }
            ],
            "cluster_ipv4_cidr": "10.0.0.0/14",
            "confidential_nodes": [],
            "cost_management_config": [],
            "database_encryption": [
              {
                "key_name": "",
                "state": "DECRYPTED"
              }
            ],
            "datapath_provider": "",
            "default_max_pods_per_node": null,
            "default_snat_status": [
              {
                "disabled": false
              }
            ],
            "description": "",
            "dns_config": [],
            "enable_autopilot": false,
            "enable_binary_authorization": false,
            "enable_intranode_visibility": false,
            "enable_kubernetes_alpha": false,
            "enable_l4_ilb_subsetting": false,
            "enable_legacy_abac": false,
            "enable_shielded_nodes": true,
            "enable_tpu": false,
            "endpoint": "34.122.224.40",
            "gateway_api_config": [],
            "id": "projects/platinum-chain-308019/locations/us-central1/clusters/ron-tf-gke-cluster",
            "initial_node_count": 1,
            "ip_allocation_policy": [],
            "label_fingerprint": "a9dc16a7",
            "location": "us-central1",
            "logging_config": [
              {
                "enable_components": [
                  "SYSTEM_COMPONENTS",
                  "WORKLOADS"
                ]
              }
            ],
            "logging_service": "logging.googleapis.com/kubernetes",
            "maintenance_policy": [],
            "master_auth": [
              {
                "client_certificate": "",
                "client_certificate_config": [
                  {
                    "issue_client_certificate": false
                  }
                ],
                "client_key": "",
                "cluster_ca_certificate": "LS0tLS1CRUdJTiBDRVJUSUZJQ0FURS0tLS0tCk1JSUVMRENDQXBTZ0F3SUJBZ0lRV0o0NlVNR3gxQ2QzT3ByZzBZS2ZiVEFOQmdrcWhraUc5dzBCQVFzRkFEQXYKTVMwd0t3WURWUVFERXlRMk9HWTBPRFZpTVMwNE56YzJMVFF4TURVdE9ESmpaUzB4WWpVNFpqTmhNamhsWkdJdwpJQmNOTWpNd05URTBNVE14TXpBMVdoZ1BNakExTXpBMU1EWXhOREV6TURWYU1DOHhMVEFyQmdOVkJBTVRKRFk0ClpqUTROV0l4TFRnM056WXROREV3TlMwNE1tTmxMVEZpTlRobU0yRXlPR1ZrWWpDQ0FhSXdEUVlKS29aSWh2Y04KQVFFQkJRQURnZ0dQQURDQ0FZb0NnZ0dCQU1iMGxPa1BxbC9vK1lTaHJwVVh4aXNDcFpoa1VEdVB3dzRjTmFFRgpkMEhGbU1HQkVLLzlXN1Z4R3V1WjU5R1M3UnZMalRGVDFoQjZmNTVqcFpLS25tUlB2SUszWlUwanBQWUQ4VU9UClBkRVhJMUNXbFRHb1loY01QVGlxRFk5Q2NKNk1na3JLV01vLzEreDJDN2pDTHV1Tmd1Vy80c3h0VnNYdFVLLzYKM1MwRUtVVUFScCtwdDY1NGtUc3V5RmVMQUptbkRNQXNkT2QvZElsQTZZSWJYR003T2pBL3F0bjRkUnZ4bnB4VgpiN2hDNUgzbkhQTVpxbWFNZjZVc3prNVpqck55VzRVR3hGNHVVTUt2bGZGTndKMkNobHVabldudGI3YzVkeHp1CnRNS2Z5OXNlWHBJSm5wdSsxd2hPYUY1aHZxOThUZmNOVnZWV2luemhUK005cnVSa3NqdTBLb3IrWHdWRGRZdHMKbWptMU13eU1NQ1hRbnIyS3dnejl6M25JS08vbWhVQTRYVFZLN3ZLd3dmZ2t0aEQ3ZU9ERlJHckFPcFo5aXFnSAoxNEdOaDFFNUFXdzBUZUUreVpVQ2FnRFVGa1h2eWZ0V3VWazNVOEJQTHpWRDVUMWJWY2pTOUQ2cWNTOTNVVmJwCmlyVndZZnZsVzlaQTlqRFpJNEtiZVROVHF3SURBUUFCbzBJd1FEQU9CZ05WSFE4QkFmOEVCQU1DQWdRd0R3WUQKVlIwVEFRSC9CQVV3QXdFQi96QWRCZ05WSFE0RUZnUVVMRlZqcUl0SEdrMXVHQWRtR1hSdk9xanY2Y2N3RFFZSgpLb1pJaHZjTkFRRUxCUUFEZ2dHQkFDblk5WWtaU241Zy9GVldzNlA0UFpVSndwNTBoNHBib3VHNmpUb3o2U2hUCktMdno0RFFXQzVyL0x5bVJ4V0o2QjdUWTBWWTFzdGwyY2RSN1V2RDNuTEZDQjNsWDUvSklxR212MmZwbzFUR0IKRmJCRGRXc1lDWTAwUXd4RUZZQ1o1bHVLajlhTnNNcHY3bTdoTkFOenJCQm9tNFN4UUU4TUJWeW1ZZ0QrRjRhRwpabEgrZGpoZEFvc0llSlRzU2pHd01tM2tMRmxsVXRnQldBMUZUazlYeVVkVlpPMW52V2Q0MHE2bnZsTDVCM2k2Ckxad3ZPd3l2MmZCMDNFSWFJN3ZmSHdtdk9QaXg0VFlvL2hJY2IyM0phaUZSYWF1Z0xVZk5QaEd0Q0w5MWhjSkkKVDJydG04SCsvT3NzZmJ0a2FmWDFrZVoxb2FZeTNQeGp2azNlZ1hIMFlob2JxdWZsdzJQam80cDh5VVBrMWQ2KwpSQ2czbGhzQWU2RHFUcm1vSXNwMlFLYjVmVnFoMnRZbjk3RCs4WUQvYUFPMWpUOFMveHNUaS8ydGg0Y0drcHJXCjNEdWpHKzdENkcvZVllOGNGREQva0w2ak1iYldLR0oxQ0Q3UXlwU3gyWThrSVQ0RDJjS1hrWHZLRTNuQzFxeG0KTk5rTGlrMW9RUUZtdUNvRll2N3lxdz09Ci0tLS0tRU5EIENFUlRJRklDQVRFLS0tLS0K"
              }
            ],
            "master_authorized_networks_config": [],
            "master_version": "1.25.7-gke.1000",
            "mesh_certificates": [],
            "min_master_version": null,
            "monitoring_config": [
              {
                "enable_components": [
                  "SYSTEM_COMPONENTS"
                ],
                "managed_prometheus": []
              }
            ],
            "monitoring_service": "monitoring.googleapis.com/kubernetes",
            "name": "ron-tf-gke-cluster",
            "network": "projects/platinum-chain-308019/global/networks/default",
            "network_policy": [
              {
                "enabled": false,
                "provider": "PROVIDER_UNSPECIFIED"
              }
            ],
            "networking_mode": "ROUTES",
            "node_config": [
              {
                "advanced_machine_features": [
                  {
                    "threads_per_core": 1
                  }
                ],
                "boot_disk_kms_key": "",
                "disk_size_gb": 100,
                "disk_type": "pd-balanced",
                "ephemeral_storage_local_ssd_config": [],
                "gcfs_config": [],
                "guest_accelerator": [],
                "gvnic": [],
                "image_type": "COS_CONTAINERD",
                "kubelet_config": [],
                "labels": {
                  "num_threads": "1"
                },
                "linux_node_config": [],
                "local_nvme_ssd_block_config": [],
                "local_ssd_count": 0,
                "logging_variant": "DEFAULT",
                "machine_type": "e2-standard-8",
                "metadata": {
                  "disable-legacy-endpoints": "true"
                },
                "min_cpu_platform": "",
                "node_group": "",
                "oauth_scopes": [
                  "https://www.googleapis.com/auth/cloud-platform"
                ],
                "preemptible": false,
                "reservation_affinity": [],
                "resource_labels": {},
                "service_account": "default",
                "shielded_instance_config": [
                  {
                    "enable_integrity_monitoring": true,
                    "enable_secure_boot": false
                  }
                ],
                "spot": false,
                "tags": [],
                "taint": [],
                "workload_metadata_config": []
              }
            ],
            "node_locations": [
              "us-central1-a"
            ],
            "node_pool": [
              {
                "autoscaling": [],
                "initial_node_count": 1,
                "instance_group_urls": [
                  "https://www.googleapis.com/compute/v1/projects/platinum-chain-308019/zones/us-central1-a/instanceGroupManagers/gke-ron-tf-gke-cluster-my-node-pool-e0fe3e6c-grp"
                ],
                "managed_instance_group_urls": [
                  "https://www.googleapis.com/compute/v1/projects/platinum-chain-308019/zones/us-central1-a/instanceGroups/gke-ron-tf-gke-cluster-my-node-pool-e0fe3e6c-grp"
                ],
                "management": [
                  {
                    "auto_repair": true,
                    "auto_upgrade": true
                  }
                ],
                "max_pods_per_node": 0,
                "name": "my-node-pool",
                "name_prefix": "",
                "network_config": [
                  {
                    "create_pod_range": false,
                    "enable_private_nodes": false,
                    "pod_cidr_overprovision_config": [],
                    "pod_ipv4_cidr_block": "",
                    "pod_range": ""
                  }
                ],
                "node_config": [
                  {
                    "advanced_machine_features": [
                      {
                        "threads_per_core": 1
                      }
                    ],
                    "boot_disk_kms_key": "",
                    "disk_size_gb": 100,
                    "disk_type": "pd-balanced",
                    "ephemeral_storage_local_ssd_config": [],
                    "gcfs_config": [],
                    "guest_accelerator": [],
                    "gvnic": [],
                    "image_type": "COS_CONTAINERD",
                    "kubelet_config": [],
                    "labels": {
                      "num_threads": "1"
                    },
                    "linux_node_config": [],
                    "local_nvme_ssd_block_config": [],
                    "local_ssd_count": 0,
                    "logging_variant": "DEFAULT",
                    "machine_type": "e2-standard-8",
                    "metadata": {
                      "disable-legacy-endpoints": "true"
                    },
                    "min_cpu_platform": "",
                    "node_group": "",
                    "oauth_scopes": [
                      "https://www.googleapis.com/auth/cloud-platform"
                    ],
                    "preemptible": false,
                    "reservation_affinity": [],
                    "resource_labels": {},
                    "service_account": "default",
                    "shielded_instance_config": [
                      {
                        "enable_integrity_monitoring": true,
                        "enable_secure_boot": false
                      }
                    ],
                    "spot": false,
                    "tags": [],
                    "taint": [],
                    "workload_metadata_config": []
                  }
                ],
                "node_count": 1,
                "node_locations": [
                  "us-central1-a"
                ],
                "placement_policy": [],
                "upgrade_settings": [
                  {
                    "blue_green_settings": [],
                    "max_surge": 1,
                    "max_unavailable": 0,
                    "strategy": "SURGE"
                  }
                ],
                "version": "1.25.7-gke.1000"
              }
            ],
            "node_pool_defaults": [
              {
                "node_config_defaults": [
                  {
                    "logging_variant": "DEFAULT"
                  }
                ]
              }
            ],
            "node_version": "1.25.7-gke.1000",
            "notification_config": [
              {
                "pubsub": [
                  {
                    "enabled": false,
                    "filter": [],
                    "topic": ""
                  }
                ]
              }
            ],
            "operation": null,
            "private_cluster_config": [
              {
                "enable_private_endpoint": false,
                "enable_private_nodes": false,
                "master_global_access_config": [
                  {
                    "enabled": false
                  }
                ],
                "master_ipv4_cidr_block": "",
                "peering_name": "",
                "private_endpoint": "10.128.15.198",
                "private_endpoint_subnetwork": "",
                "public_endpoint": "34.122.224.40"
              }
            ],
            "private_ipv6_google_access": "",
            "project": "platinum-chain-308019",
            "release_channel": [
              {
                "channel": "REGULAR"
              }
            ],
            "remove_default_node_pool": true,
            "resource_labels": {},
            "resource_usage_export_config": [],
            "self_link": "https://container.googleapis.com/v1/projects/platinum-chain-308019/locations/us-central1/clusters/ron-tf-gke-cluster",
            "service_external_ips_config": [
              {
                "enabled": false
              }
            ],
            "services_ipv4_cidr": "10.3.240.0/20",
            "subnetwork": "projects/platinum-chain-308019/regions/us-central1/subnetworks/default",
            "timeouts": null,
            "tpu_ipv4_cidr_block": "",
            "vertical_pod_autoscaling": [],
            "workload_identity_config": []
          },
          "sensitive_attributes": [],
          "private": "eyJlMmJmYjczMC1lY2FhLTExZTYtOGY4OC0zNDM2M2JjN2M0YzAiOnsiY3JlYXRlIjoyNDAwMDAwMDAwMDAwLCJkZWxldGUiOjI0MDAwMDAwMDAwMDAsInJlYWQiOjI0MDAwMDAwMDAwMDAsInVwZGF0ZSI6MzYwMDAwMDAwMDAwMH0sInNjaGVtYV92ZXJzaW9uIjoiMSJ9"
        }
      ]
    },
    {
      "mode": "managed",
      "type": "google_container_node_pool",
      "name": "primary",
      "provider": "provider[\"registry.terraform.io/hashicorp/google\"]",
      "instances": [
        {
          "schema_version": 1,
          "attributes": {
            "autoscaling": [],
            "cluster": "ron-tf-gke-cluster",
            "id": "projects/platinum-chain-308019/locations/us-central1/clusters/ron-tf-gke-cluster/nodePools/my-node-pool",
            "initial_node_count": 2,
            "instance_group_urls": [
              "https://www.googleapis.com/compute/v1/projects/platinum-chain-308019/zones/us-central1-a/instanceGroupManagers/gke-ron-tf-gke-cluster-my-node-pool-e0fe3e6c-grp"
            ],
            "location": "us-central1",
            "managed_instance_group_urls": [
              "https://www.googleapis.com/compute/v1/projects/platinum-chain-308019/zones/us-central1-a/instanceGroups/gke-ron-tf-gke-cluster-my-node-pool-e0fe3e6c-grp"
            ],
            "management": [
              {
                "auto_repair": true,
                "auto_upgrade": true
              }
            ],
            "max_pods_per_node": null,
            "name": "my-node-pool",
            "name_prefix": "",
            "network_config": [
              {
                "create_pod_range": false,
                "enable_private_nodes": false,
                "pod_cidr_overprovision_config": [],
                "pod_ipv4_cidr_block": "",
                "pod_range": ""
              }
            ],
            "node_config": [
              {
                "advanced_machine_features": [
                  {
                    "threads_per_core": 1
                  }
                ],
                "boot_disk_kms_key": "",
                "disk_size_gb": 100,
                "disk_type": "pd-balanced",
                "ephemeral_storage_local_ssd_config": [],
                "gcfs_config": [],
                "guest_accelerator": [],
                "gvnic": [],
                "image_type": "COS_CONTAINERD",
                "kubelet_config": [],
                "labels": {
                  "num_threads": "1"
                },
                "linux_node_config": [],
                "local_nvme_ssd_block_config": [],
                "local_ssd_count": 0,
                "logging_variant": "DEFAULT",
                "machine_type": "e2-standard-8",
                "metadata": {
                  "disable-legacy-endpoints": "true"
                },
                "min_cpu_platform": "",
                "node_group": "",
                "oauth_scopes": [
                  "https://www.googleapis.com/auth/cloud-platform"
                ],
                "preemptible": false,
                "reservation_affinity": [],
                "resource_labels": {},
                "service_account": "default",
                "shielded_instance_config": [
                  {
                    "enable_integrity_monitoring": true,
                    "enable_secure_boot": false
                  }
                ],
                "spot": false,
                "tags": [],
                "taint": [],
                "workload_metadata_config": []
              }
            ],
            "node_count": 2,
            "node_locations": [
              "us-central1-a"
            ],
            "operation": null,
            "placement_policy": [],
            "project": "platinum-chain-308019",
            "timeouts": null,
            "upgrade_settings": [
              {
                "blue_green_settings": [],
                "max_surge": 1,
                "max_unavailable": 0,
                "strategy": "SURGE"
              }
            ],
            "version": "1.25.7-gke.1000"
          },
          "sensitive_attributes": [],
          "private": "eyJlMmJmYjczMC1lY2FhLTExZTYtOGY4OC0zNDM2M2JjN2M0YzAiOnsiY3JlYXRlIjoxODAwMDAwMDAwMDAwLCJkZWxldGUiOjE4MDAwMDAwMDAwMDAsInVwZGF0ZSI6MTgwMDAwMDAwMDAwMH0sInNjaGVtYV92ZXJzaW9uIjoiMSJ9",
          "dependencies": [
            "google_container_cluster.primary"
          ]
        }
      ]
    }
  ],
  "check_results": null
}
